
Microsoft Visual Studio Solution File, Format Version 12.00
# Visual Studio 15
VisualStudioVersion = 15.0.26403.3
MinimumVisualStudioVersion = 10.0.40219.1
Project("{FAE04EC0-301F-11D3-BF4B-00C04F79EFBC}") = "HelloWorld", "HelloWorld\HelloWorld.csproj", "{D35F3CD1-71D6-4174-A888-D5A20D12DAB0}"
EndProject
Project("{8BC9CEB8-8B4A-11D0-8D11-00A0C91BC942}") = "App1", "App1\App1.vcxproj", "{2F8D96BB-CB3B-4C63-9ED4-7808D0F4EBA9}"
EndProject
Project("{F184B08F-C81C-45F6-A57F-5ABD9991F28F}") = "VBProjectIcommandStudy", "VBProjectIcommandStudy\VBProjectIcommandStudy.vbproj", "{2A278F5C-5430-4623-94DD-1BF47D917C91}"
EndProject
Project("{FAE04EC0-301F-11D3-BF4B-00C04F79EFBC}") = "App2", "App2\App2.csproj", "{3A91A508-5E13-4713-8A60-FABFA55FE7DB}"
EndProject
Project("{FAE04EC0-301F-11D3-BF4B-00C04F79EFBC}") = "CommandButton", "CommandButton\CommandButton.csproj", "{75728264-C04C-4926-BE55-FF1BD003F55F}"
EndProject
Global
	GlobalSection(SolutionConfigurationPlatforms) = preSolution
		Debug|ARM = Debug|ARM
		Debug|x64 = Debug|x64
		Debug|x86 = Debug|x86
		Release|ARM = Release|ARM
		Release|x64 = Release|x64
		Release|x86 = Release|x86
	EndGlobalSection
	GlobalSection(ProjectConfigurationPlatforms) = postSolution
		{D35F3CD1-71D6-4174-A888-D5A20D12DAB0}.Debug|ARM.ActiveCfg = Debug|ARM
		{D35F3CD1-71D6-4174-A888-D5A20D12DAB0}.Debug|ARM.Build.0 = Debug|ARM
		{D35F3CD1-71D6-4174-A888-D5A20D12DAB0}.Debug|ARM.Deploy.0 = Debug|ARM
		{D35F3CD1-71D6-4174-A888-D5A20D12DAB0}.Debug|x64.ActiveCfg = Debug|x64
		{D35F3CD1-71D6-4174-A888-D5A20D12DAB0}.Debug|x64.Build.0 = Debug|x64
		{D35F3CD1-71D6-4174-A888-D5A20D12DAB0}.Debug|x64.Deploy.0 = Debug|x64
		{D35F3CD1-71D6-4174-A888-D5A20D12DAB0}.Debug|x86.ActiveCfg = Debug|x86
		{D35F3CD1-71D6-4174-A888-D5A20D12DAB0}.Debug|x86.Build.0 = Debug|x86
		{D35F3CD1-71D6-4174-A888-D5A20D12DAB0}.Debug|x86.Deploy.0 = Debug|x86
		{D35F3CD1-71D6-4174-A888-D5A20D12DAB0}.Release|ARM.ActiveCfg = Release|ARM
		{D35F3CD1-71D6-4174-A888-D5A20D12DAB0}.Release|ARM.Build.0 = Release|ARM
		{D35F3CD1-71D6-4174-A888-D5A20D12DAB0}.Release|ARM.Deploy.0 = Release|ARM
		{D35F3CD1-71D6-4174-A888-D5A20D12DAB0}.Release|x64.ActiveCfg = Release|x64
		{D35F3CD1-71D6-4174-A888-D5A20D12DAB0}.Release|x64.Build.0 = Release|x64
		{D35F3CD1-71D6-4174-A888-D5A20D12DAB0}.Release|x64.Deploy.0 = Release|x64
		{D35F3CD1-71D6-4174-A888-D5A20D12DAB0}.Release|x86.ActiveCfg = Release|x86
		{D35F3CD1-71D6-4174-A888-D5A20D12DAB0}.Release|x86.Build.0 = Release|x86
		{D35F3CD1-71D6-4174-A888-D5A20D12DAB0}.Release|x86.Deploy.0 = Release|x86
		{2F8D96BB-CB3B-4C63-9ED4-7808D0F4EBA9}.Debug|ARM.ActiveCfg = Debug|ARM
		{2F8D96BB-CB3B-4C63-9ED4-7808D0F4EBA9}.Debug|ARM.Build.0 = Debug|ARM
		{2F8D96BB-CB3B-4C63-9ED4-7808D0F4EBA9}.Debug|ARM.Deploy.0 = Debug|ARM
		{2F8D96BB-CB3B-4C63-9ED4-7808D0F4EBA9}.Debug|x64.ActiveCfg = Debug|x64
		{2F8D96BB-CB3B-4C63-9ED4-7808D0F4EBA9}.Debug|x64.Build.0 = Debug|x64
		{2F8D96BB-CB3B-4C63-9ED4-7808D0F4EBA9}.Debug|x64.Deploy.0 = Debug|x64
		{2F8D96BB-CB3B-4C63-9ED4-7808D0F4EBA9}.Debug|x86.ActiveCfg = Debug|Win32
		{2F8D96BB-CB3B-4C63-9ED4-7808D0F4EBA9}.Debug|x86.Build.0 = Debug|Win32
		{2F8D96BB-CB3B-4C63-9ED4-7808D0F4EBA9}.Debug|x86.Deploy.0 = Debug|Win32
		{2F8D96BB-CB3B-4C63-9ED4-7808D0F4EBA9}.Release|ARM.ActiveCfg = Release|ARM
		{2F8D96BB-CB3B-4C63-9ED4-7808D0F4EBA9}.Release|ARM.Build.0 = Release|ARM
		{2F8D96BB-CB3B-4C63-9ED4-7808D0F4EBA9}.Release|ARM.Deploy.0 = Release|ARM
		{2F8D96BB-CB3B-4C63-9ED4-7808D0F4EBA9}.Release|x64.ActiveCfg = Release|x64
		{2F8D96BB-CB3B-4C63-9ED4-7808D0F4EBA9}.Release|x64.Build.0 = Release|x64
		{2F8D96BB-CB3B-4C63-9ED4-7808D0F4EBA9}.Release|x64.Deploy.0 = Release|x64
		{2F8D96BB-CB3B-4C63-9ED4-7808D0F4EBA9}.Release|x86.ActiveCfg = Release|Win32
		{2F8D96BB-CB3B-4C63-9ED4-7808D0F4EBA9}.Release|x86.Build.0 = Release|Win32
		{2F8D96BB-CB3B-4C63-9ED4-7808D0F4EBA9}.Release|x86.Deploy.0 = Release|Win32
		{2A278F5C-5430-4623-94DD-1BF47D917C91}.Debug|ARM.ActiveCfg = Debug|ARM
		{2A278F5C-5430-4623-94DD-1BF47D917C91}.Debug|ARM.Build.0 = Debug|ARM
		{2A278F5C-5430-4623-94DD-1BF47D917C91}.Debug|ARM.Deploy.0 = Debug|ARM
		{2A278F5C-5430-4623-94DD-1BF47D917C91}.Debug|x64.ActiveCfg = Debug|x64
		{2A278F5C-5430-4623-94DD-1BF47D917C91}.Debug|x64.Build.0 = Debug|x64
		{2A278F5C-5430-4623-94DD-1BF47D917C91}.Debug|x64.Deploy.0 = Debug|x64
		{2A278F5C-5430-4623-94DD-1BF47D917C91}.Debug|x86.ActiveCfg = Debug|x86
		{2A278F5C-5430-4623-94DD-1BF47D917C91}.Debug|x86.Build.0 = Debug|x86
		{2A278F5C-5430-4623-94DD-1BF47D917C91}.Debug|x86.Deploy.0 = Debug|x86
		{2A278F5C-5430-4623-94DD-1BF47D917C91}.Release|ARM.ActiveCfg = Release|ARM
		{2A278F5C-5430-4623-94DD-1BF47D917C91}.Release|ARM.Build.0 = Release|ARM
		{2A278F5C-5430-4623-94DD-1BF47D917C91}.Release|ARM.Deploy.0 = Release|ARM
		{2A278F5C-5430-4623-94DD-1BF47D917C91}.Release|x64.ActiveCfg = Release|x64
		{2A278F5C-5430-4623-94DD-1BF47D917C91}.Release|x64.Build.0 = Release|x64
		{2A278F5C-5430-4623-94DD-1BF47D917C91}.Release|x64.Deploy.0 = Release|x64
		{2A278F5C-5430-4623-94DD-1BF47D917C91}.Release|x86.ActiveCfg = Release|x86
		{2A278F5C-5430-4623-94DD-1BF47D917C91}.Release|x86.Build.0 = Release|x86
		{2A278F5C-5430-4623-94DD-1BF47D917C91}.Release|x86.Deploy.0 = Release|x86
		{3A91A508-5E13-4713-8A60-FABFA55FE7DB}.Debug|ARM.ActiveCfg = Debug|ARM
		{3A91A508-5E13-4713-8A60-FABFA55FE7DB}.Debug|ARM.Build.0 = Debug|ARM
		{3A91A508-5E13-4713-8A60-FABFA55FE7DB}.Debug|ARM.Deploy.0 = Debug|ARM
		{3A91A508-5E13-4713-8A60-FABFA55FE7DB}.Debug|x64.ActiveCfg = Debug|x64
		{3A91A508-5E13-4713-8A60-FABFA55FE7DB}.Debug|x64.Build.0 = Debug|x64
		{3A91A508-5E13-4713-8A60-FABFA55FE7DB}.Debug|x64.Deploy.0 = Debug|x64
		{3A91A508-5E13-4713-8A60-FABFA55FE7DB}.Debug|x86.ActiveCfg = Debug|x86
		{3A91A508-5E13-4713-8A60-FABFA55FE7DB}.Debug|x86.Build.0 = Debug|x86
		{3A91A508-5E13-4713-8A60-FABFA55FE7DB}.Debug|x86.Deploy.0 = Debug|x86
		{3A91A508-5E13-4713-8A60-FABFA55FE7DB}.Release|ARM.ActiveCfg = Release|ARM
		{3A91A508-5E13-4713-8A60-FABFA55FE7DB}.Release|ARM.Build.0 = Release|ARM
		{3A91A508-5E13-4713-8A60-FABFA55FE7DB}.Release|ARM.Deploy.0 = Release|ARM
		{3A91A508-5E13-4713-8A60-FABFA55FE7DB}.Release|x64.ActiveCfg = Release|x64
		{3A91A508-5E13-4713-8A60-FABFA55FE7DB}.Release|x64.Build.0 = Release|x64
		{3A91A508-5E13-4713-8A60-FABFA55FE7DB}.Release|x64.Deploy.0 = Release|x64
		{3A91A508-5E13-4713-8A60-FABFA55FE7DB}.Release|x86.ActiveCfg = Release|x86
		{3A91A508-5E13-4713-8A60-FABFA55FE7DB}.Release|x86.Build.0 = Release|x86
		{3A91A508-5E13-4713-8A60-FABFA55FE7DB}.Release|x86.Deploy.0 = Release|x86
		{75728264-C04C-4926-BE55-FF1BD003F55F}.Debug|ARM.ActiveCfg = Debug|ARM
		{75728264-C04C-4926-BE55-FF1BD003F55F}.Debug|ARM.Build.0 = Debug|ARM
		{75728264-C04C-4926-BE55-FF1BD003F55F}.Debug|ARM.Deploy.0 = Debug|ARM
		{75728264-C04C-4926-BE55-FF1BD003F55F}.Debug|x64.ActiveCfg = Debug|x64
		{75728264-C04C-4926-BE55-FF1BD003F55F}.Debug|x64.Build.0 = Debug|x64
		{75728264-C04C-4926-BE55-FF1BD003F55F}.Debug|x64.Deploy.0 = Debug|x64
		{75728264-C04C-4926-BE55-FF1BD003F55F}.Debug|x86.ActiveCfg = Debug|x86
		{75728264-C04C-4926-BE55-FF1BD003F55F}.Debug|x86.Build.0 = Debug|x86
		{75728264-C04C-4926-BE55-FF1BD003F55F}.Debug|x86.Deploy.0 = Debug|x86
		{75728264-C04C-4926-BE55-FF1BD003F55F}.Release|ARM.ActiveCfg = Release|ARM
		{75728264-C04C-4926-BE55-FF1BD003F55F}.Release|ARM.Build.0 = Release|ARM
		{75728264-C04C-4926-BE55-FF1BD003F55F}.Release|ARM.Deploy.0 = Release|ARM
		{75728264-C04C-4926-BE55-FF1BD003F55F}.Release|x64.ActiveCfg = Release|x64
		{75728264-C04C-4926-BE55-FF1BD003F55F}.Release|x64.Build.0 = Release|x64
		{75728264-C04C-4926-BE55-FF1BD003F55F}.Release|x64.Deploy.0 = Release|x64
		{75728264-C04C-4926-BE55-FF1BD003F55F}.Release|x86.ActiveCfg = Release|x86
		{75728264-C04C-4926-BE55-FF1BD003F55F}.Release|x86.Build.0 = Release|x86
		{75728264-C04C-4926-BE55-FF1BD003F55F}.Release|x86.Deploy.0 = Release|x86
	EndGlobalSection
	GlobalSection(SolutionProperties) = preSolution
		HideSolutionNode = FALSE
	EndGlobalSection
EndGlobal
